
Microsoft Visual Studio Solution File, Format Version 12.00
# Visual Studio Version 17
VisualStudioVersion = 17.7.34221.43
MinimumVisualStudioVersion = 10.0.40219.1
Project("{2150E333-8FDC-42A3-9474-1A3956D46DE8}") = "Source", "Source", "{D7EEE6A0-40C3-495A-84BA-DCFF936E8195}"
EndProject
Project("{2150E333-8FDC-42A3-9474-1A3956D46DE8}") = "Solution Items", "Solution Items", "{B4022A7A-A394-4CCC-9609-61EC204031B0}"
	ProjectSection(SolutionItems) = preProject
		.editorconfig = .editorconfig
		..\README.md = ..\README.md
	EndProjectSection
EndProject
Project("{2150E333-8FDC-42A3-9474-1A3956D46DE8}") = "CardShuffle", "CardShuffle", "{0EBBFC1C-25C8-43AF-8BE1-C1758466F89C}"
EndProject
Project("{2150E333-8FDC-42A3-9474-1A3956D46DE8}") = "ReverseString", "ReverseString", "{EAA9265B-0A71-491D-8BC7-FE1CBB40C4CA}"
EndProject
Project("{9A19103F-16F7-4668-BE54-9A1E7A4F7556}") = "CardGame", "Source\CardShuffle\CardGame\CardGame.csproj", "{4292ED72-BF65-4849-8F84-8304D4675667}"
EndProject
Project("{9A19103F-16F7-4668-BE54-9A1E7A4F7556}") = "CardGame.Tests", "Source\CardShuffle\CardGame.Tests\CardGame.Tests.csproj", "{BE3C3332-2C7B-441D-BE78-A13280950859}"
EndProject
Project("{9A19103F-16F7-4668-BE54-9A1E7A4F7556}") = "ReversingString", "Source\ReverseString\ReversingString\ReversingString.csproj", "{0FF9F6BC-92AD-439F-8CB6-FAB959F681B1}"
EndProject
Project("{9A19103F-16F7-4668-BE54-9A1E7A4F7556}") = "ReversingString.Tests", "Source\ReverseString\ReversingString.Tests\ReversingString.Tests.csproj", "{8550BEA7-AA5B-4B3F-B7CC-BBEDDB7388D2}"
EndProject
Project("{2150E333-8FDC-42A3-9474-1A3956D46DE8}") = "OpenWeatherRestApi", "OpenWeatherRestApi", "{03FD2D66-F012-40FF-B576-15FE4709CB8F}"
EndProject
Project("{9A19103F-16F7-4668-BE54-9A1E7A4F7556}") = "ReverseString.Benchmarks", "Source\ReverseString\ReverseString.Benchmarks\ReverseString.Benchmarks.csproj", "{5111DEC0-29A9-480E-A29B-52C8A7828218}"
EndProject
Global
	GlobalSection(SolutionConfigurationPlatforms) = preSolution
		Debug|Any CPU = Debug|Any CPU
		Release|Any CPU = Release|Any CPU
	EndGlobalSection
	GlobalSection(ProjectConfigurationPlatforms) = postSolution
		{4292ED72-BF65-4849-8F84-8304D4675667}.Debug|Any CPU.ActiveCfg = Debug|Any CPU
		{4292ED72-BF65-4849-8F84-8304D4675667}.Debug|Any CPU.Build.0 = Debug|Any CPU
		{4292ED72-BF65-4849-8F84-8304D4675667}.Release|Any CPU.ActiveCfg = Release|Any CPU
		{4292ED72-BF65-4849-8F84-8304D4675667}.Release|Any CPU.Build.0 = Release|Any CPU
		{BE3C3332-2C7B-441D-BE78-A13280950859}.Debug|Any CPU.ActiveCfg = Debug|Any CPU
		{BE3C3332-2C7B-441D-BE78-A13280950859}.Debug|Any CPU.Build.0 = Debug|Any CPU
		{BE3C3332-2C7B-441D-BE78-A13280950859}.Release|Any CPU.ActiveCfg = Release|Any CPU
		{BE3C3332-2C7B-441D-BE78-A13280950859}.Release|Any CPU.Build.0 = Release|Any CPU
		{0FF9F6BC-92AD-439F-8CB6-FAB959F681B1}.Debug|Any CPU.ActiveCfg = Debug|Any CPU
		{0FF9F6BC-92AD-439F-8CB6-FAB959F681B1}.Debug|Any CPU.Build.0 = Debug|Any CPU
		{0FF9F6BC-92AD-439F-8CB6-FAB959F681B1}.Release|Any CPU.ActiveCfg = Release|Any CPU
		{0FF9F6BC-92AD-439F-8CB6-FAB959F681B1}.Release|Any CPU.Build.0 = Release|Any CPU
		{8550BEA7-AA5B-4B3F-B7CC-BBEDDB7388D2}.Debug|Any CPU.ActiveCfg = Debug|Any CPU
		{8550BEA7-AA5B-4B3F-B7CC-BBEDDB7388D2}.Debug|Any CPU.Build.0 = Debug|Any CPU
		{8550BEA7-AA5B-4B3F-B7CC-BBEDDB7388D2}.Release|Any CPU.ActiveCfg = Release|Any CPU
		{8550BEA7-AA5B-4B3F-B7CC-BBEDDB7388D2}.Release|Any CPU.Build.0 = Release|Any CPU
		{5111DEC0-29A9-480E-A29B-52C8A7828218}.Debug|Any CPU.ActiveCfg = Debug|Any CPU
		{5111DEC0-29A9-480E-A29B-52C8A7828218}.Debug|Any CPU.Build.0 = Debug|Any CPU
		{5111DEC0-29A9-480E-A29B-52C8A7828218}.Release|Any CPU.ActiveCfg = Release|Any CPU
		{5111DEC0-29A9-480E-A29B-52C8A7828218}.Release|Any CPU.Build.0 = Release|Any CPU
	EndGlobalSection
	GlobalSection(SolutionProperties) = preSolution
		HideSolutionNode = FALSE
	EndGlobalSection
	GlobalSection(NestedProjects) = preSolution
		{0EBBFC1C-25C8-43AF-8BE1-C1758466F89C} = {D7EEE6A0-40C3-495A-84BA-DCFF936E8195}
		{EAA9265B-0A71-491D-8BC7-FE1CBB40C4CA} = {D7EEE6A0-40C3-495A-84BA-DCFF936E8195}
		{4292ED72-BF65-4849-8F84-8304D4675667} = {0EBBFC1C-25C8-43AF-8BE1-C1758466F89C}
		{BE3C3332-2C7B-441D-BE78-A13280950859} = {0EBBFC1C-25C8-43AF-8BE1-C1758466F89C}
		{0FF9F6BC-92AD-439F-8CB6-FAB959F681B1} = {EAA9265B-0A71-491D-8BC7-FE1CBB40C4CA}
		{8550BEA7-AA5B-4B3F-B7CC-BBEDDB7388D2} = {EAA9265B-0A71-491D-8BC7-FE1CBB40C4CA}
		{03FD2D66-F012-40FF-B576-15FE4709CB8F} = {D7EEE6A0-40C3-495A-84BA-DCFF936E8195}
		{5111DEC0-29A9-480E-A29B-52C8A7828218} = {EAA9265B-0A71-491D-8BC7-FE1CBB40C4CA}
	EndGlobalSection
	GlobalSection(ExtensibilityGlobals) = postSolution
		SolutionGuid = {E2928D1B-E0FD-47C3-9C5C-DC5D7913D56F}
	EndGlobalSection
EndGlobal
